// !$*UTF8*$!
{
	archiveVersion = 1;
	classes = {
	};
	objectVersion = 56;
	objects = {

/* Begin PBXBuildFile section */
		B5322F3D2CD260B600E6A75F /* Grocery9App.swift in Sources */ = {isa = PBXBuildFile; fileRef = B5322F3C2CD260B600E6A75F /* Grocery9App.swift */; };
		B5322F3F2CD260B600E6A75F /* ContentView.swift in Sources */ = {isa = PBXBuildFile; fileRef = B5322F3E2CD260B600E6A75F /* ContentView.swift */; };
		B5322F412CD260B700E6A75F /* Assets.xcassets in Resources */ = {isa = PBXBuildFile; fileRef = B5322F402CD260B700E6A75F /* Assets.xcassets */; };
		B5322F442CD260B700E6A75F /* Preview Assets.xcassets in Resources */ = {isa = PBXBuildFile; fileRef = B5322F432CD260B700E6A75F /* Preview Assets.xcassets */; };
		B5322F562CD27A2B00E6A75F /* WelcomeView.swift in Sources */ = {isa = PBXBuildFile; fileRef = B5322F552CD27A2B00E6A75F /* WelcomeView.swift */; };
		B5322F582CD27D1A00E6A75F /* Launch Screen.storyboard in Resources */ = {isa = PBXBuildFile; fileRef = B5322F572CD27D1A00E6A75F /* Launch Screen.storyboard */; };
		B582BB7D2CD28230008C9960 /* UIExtension.swift in Sources */ = {isa = PBXBuildFile; fileRef = B582BB7C2CD28230008C9960 /* UIExtension.swift */; };
/* End PBXBuildFile section */

/* Begin PBXFileReference section */
		B5322F392CD260B600E6A75F /* Grocery9.app */ = {isa = PBXFileReference; explicitFileType = wrapper.application; includeInIndex = 0; path = Grocery9.app; sourceTree = BUILT_PRODUCTS_DIR; };
		B5322F3C2CD260B600E6A75F /* Grocery9App.swift */ = {isa = PBXFileReference; lastKnownFileType = sourcecode.swift; path = Grocery9App.swift; sourceTree = "<group>"; };
		B5322F3E2CD260B600E6A75F /* ContentView.swift */ = {isa = PBXFileReference; lastKnownFileType = sourcecode.swift; path = ContentView.swift; sourceTree = "<group>"; };
		B5322F402CD260B700E6A75F /* Assets.xcassets */ = {isa = PBXFileReference; lastKnownFileType = folder.assetcatalog; path = Assets.xcassets; sourceTree = "<group>"; };
		B5322F432CD260B700E6A75F /* Preview Assets.xcassets */ = {isa = PBXFileReference; lastKnownFileType = folder.assetcatalog; path = "Preview Assets.xcassets"; sourceTree = "<group>"; };
		B5322F4B2CD2776E00E6A75F /* Gilroy-SemiBold.ttf */ = {isa = PBXFileReference; lastKnownFileType = file; path = "Gilroy-SemiBold.ttf"; sourceTree = "<group>"; };
		B5322F4C2CD2776E00E6A75F /* Gilroy-Medium.ttf */ = {isa = PBXFileReference; lastKnownFileType = file; path = "Gilroy-Medium.ttf"; sourceTree = "<group>"; };
		B5322F4D2CD2776E00E6A75F /* Gilroy-Bold.ttf */ = {isa = PBXFileReference; lastKnownFileType = file; path = "Gilroy-Bold.ttf"; sourceTree = "<group>"; };
		B5322F4E2CD2776E00E6A75F /* Gilroy-Regular.ttf */ = {isa = PBXFileReference; lastKnownFileType = file; path = "Gilroy-Regular.ttf"; sourceTree = "<group>"; };
		B5322F4F2CD2778100E6A75F /* Info.plist */ = {isa = PBXFileReference; lastKnownFileType = text.plist; path = Info.plist; sourceTree = "<group>"; };
		B5322F552CD27A2B00E6A75F /* WelcomeView.swift */ = {isa = PBXFileReference; lastKnownFileType = sourcecode.swift; path = WelcomeView.swift; sourceTree = "<group>"; };
		B5322F572CD27D1A00E6A75F /* Launch Screen.storyboard */ = {isa = PBXFileReference; lastKnownFileType = file.storyboard; path = "Launch Screen.storyboard"; sourceTree = "<group>"; };
		B582BB7C2CD28230008C9960 /* UIExtension.swift */ = {isa = PBXFileReference; lastKnownFileType = sourcecode.swift; path = UIExtension.swift; sourceTree = "<group>"; };
/* End PBXFileReference section */

/* Begin PBXFrameworksBuildPhase section */
		B5322F362CD260B600E6A75F /* Frameworks */ = {
			isa = PBXFrameworksBuildPhase;
			buildActionMask = 2147483647;
			files = (
			);
			runOnlyForDeploymentPostprocessing = 0;
		};
/* End PBXFrameworksBuildPhase section */

/* Begin PBXGroup section */
		B5322F302CD260B600E6A75F = {
			isa = PBXGroup;
			children = (
				B5322F3B2CD260B600E6A75F /* Grocery9 */,
				B5322F3A2CD260B600E6A75F /* Products */,
			);
			sourceTree = "<group>";
		};
		B5322F3A2CD260B600E6A75F /* Products */ = {
			isa = PBXGroup;
			children = (
				B5322F392CD260B600E6A75F /* Grocery9.app */,
			);
			name = Products;
			sourceTree = "<group>";
		};
		B5322F3B2CD260B600E6A75F /* Grocery9 */ = {
			isa = PBXGroup;
			children = (
				B5322F532CD278BD00E6A75F /* UICommon */,
				B5322F522CD278AA00E6A75F /* Views */,
				B5322F512CD2789B00E6A75F /* ViewModels */,
				B5322F502CD2788E00E6A75F /* Models */,
				B5322F4F2CD2778100E6A75F /* Info.plist */,
				B5322F4A2CD2774800E6A75F /* fonts */,
				B5322F3C2CD260B600E6A75F /* Grocery9App.swift */,
				B5322F3E2CD260B600E6A75F /* ContentView.swift */,
				B5322F402CD260B700E6A75F /* Assets.xcassets */,
				B5322F422CD260B700E6A75F /* Preview Content */,
				B5322F572CD27D1A00E6A75F /* Launch Screen.storyboard */,
			);
			path = Grocery9;
			sourceTree = "<group>";
		};
		B5322F422CD260B700E6A75F /* Preview Content */ = {
			isa = PBXGroup;
			children = (
				B5322F432CD260B700E6A75F /* Preview Assets.xcassets */,
			);
			path = "Preview Content";
			sourceTree = "<group>";
		};
		B5322F4A2CD2774800E6A75F /* fonts */ = {
			isa = PBXGroup;
			children = (
				B5322F4D2CD2776E00E6A75F /* Gilroy-Bold.ttf */,
				B5322F4C2CD2776E00E6A75F /* Gilroy-Medium.ttf */,
				B5322F4E2CD2776E00E6A75F /* Gilroy-Regular.ttf */,
				B5322F4B2CD2776E00E6A75F /* Gilroy-SemiBold.ttf */,
			);
			path = fonts;
			sourceTree = "<group>";
		};
		B5322F502CD2788E00E6A75F /* Models */ = {
			isa = PBXGroup;
			children = (
			);
			path = Models;
			sourceTree = "<group>";
		};
		B5322F512CD2789B00E6A75F /* ViewModels */ = {
			isa = PBXGroup;
			children = (
			);
			path = ViewModels;
			sourceTree = "<group>";
		};
		B5322F522CD278AA00E6A75F /* Views */ = {
			isa = PBXGroup;
			children = (
				B5322F542CD278D000E6A75F /* Login */,
			);
			path = Views;
			sourceTree = "<group>";
		};
		B5322F532CD278BD00E6A75F /* UICommon */ = {
			isa = PBXGroup;
			children = (
				B582BB7C2CD28230008C9960 /* UIExtension.swift */,
			);
			path = UICommon;
			sourceTree = "<group>";
		};
		B5322F542CD278D000E6A75F /* Login */ = {
			isa = PBXGroup;
			children = (
				B5322F552CD27A2B00E6A75F /* WelcomeView.swift */,
			);
			path = Login;
			sourceTree = "<group>";
		};
/* End PBXGroup section */

/* Begin PBXNativeTarget section */
		B5322F382CD260B600E6A75F /* Grocery9 */ = {
			isa = PBXNativeTarget;
			buildConfigurationList = B5322F472CD260B700E6A75F /* Build configuration list for PBXNativeTarget "Grocery9" */;
			buildPhases = (
				B5322F352CD260B600E6A75F /* Sources */,
				B5322F362CD260B600E6A75F /* Frameworks */,
				B5322F372CD260B600E6A75F /* Resources */,
			);
			buildRules = (
			);
			dependencies = (
			);
			name = Grocery9;
			productName = Grocery9;
			productReference = B5322F392CD260B600E6A75F /* Grocery9.app */;
			productType = "com.apple.product-type.application";
		};
/* End PBXNativeTarget section */

/* Begin PBXProject section */
		B5322F312CD260B600E6A75F /* Project object */ = {
			isa = PBXProject;
			attributes = {
				BuildIndependentTargetsInParallel = 1;
				LastSwiftUpdateCheck = 1530;
				LastUpgradeCheck = 1530;
				TargetAttributes = {
					B5322F382CD260B600E6A75F = {
						CreatedOnToolsVersion = 15.3;
					};
				};
			};
			buildConfigurationList = B5322F342CD260B600E6A75F /* Build configuration list for PBXProject "Grocery9" */;
			compatibilityVersion = "Xcode 14.0";
			developmentRegion = en;
			hasScannedForEncodings = 0;
			knownRegions = (
				en,
				Base,
			);
			mainGroup = B5322F302CD260B600E6A75F;
			productRefGroup = B5322F3A2CD260B600E6A75F /* Products */;
			projectDirPath = "";
			projectRoot = "";
			targets = (
				B5322F382CD260B600E6A75F /* Grocery9 */,
			);
		};
/* End PBXProject section */

/* Begin PBXResourcesBuildPhase section */
		B5322F372CD260B600E6A75F /* Resources */ = {
			isa = PBXResourcesBuildPhase;
			buildActionMask = 2147483647;
			files = (
				B5322F582CD27D1A00E6A75F /* Launch Screen.storyboard in Resources */,
				B5322F442CD260B700E6A75F /* Preview Assets.xcassets in Resources */,
				B5322F412CD260B700E6A75F /* Assets.xcassets in Resources */,
			);
			runOnlyForDeploymentPostprocessing = 0;
		};
/* End PBXResourcesBuildPhase section */

/* Begin PBXSourcesBuildPhase section */
		B5322F352CD260B600E6A75F /* Sources */ = {
			isa = PBXSourcesBuildPhase;
			buildActionMask = 2147483647;
			files = (
				B5322F3F2CD260B600E6A75F /* ContentView.swift in Sources */,
				B5322F562CD27A2B00E6A75F /* WelcomeView.swift in Sources */,
				B5322F3D2CD260B600E6A75F /* Grocery9App.swift in Sources */,
				B582BB7D2CD28230008C9960 /* UIExtension.swift in Sources */,
			);
			runOnlyForDeploymentPostprocessing = 0;
		};
/* End PBXSourcesBuildPhase section */

/* Begin XCBuildConfiguration section */
		B5322F452CD260B700E6A75F /* Debug */ = {
			isa = XCBuildConfiguration;
			buildSettings = {
				ALWAYS_SEARCH_USER_PATHS = NO;
				ASSETCATALOG_COMPILER_GENERATE_SWIFT_ASSET_SYMBOL_EXTENSIONS = YES;
				CLANG_ANALYZER_NONNULL = YES;
				CLANG_ANALYZER_NUMBER_OBJECT_CONVERSION = YES_AGGRESSIVE;
				CLANG_CXX_LANGUAGE_STANDARD = "gnu++20";
				CLANG_ENABLE_MODULES = YES;
				CLANG_ENABLE_OBJC_ARC = YES;
				CLANG_ENABLE_OBJC_WEAK = YES;
				CLANG_WARN_BLOCK_CAPTURE_AUTORELEASING = YES;
				CLANG_WARN_BOOL_CONVERSION = YES;
				CLANG_WARN_COMMA = YES;
				CLANG_WARN_CONSTANT_CONVERSION = YES;
				CLANG_WARN_DEPRECATED_OBJC_IMPLEMENTATIONS = YES;
				CLANG_WARN_DIRECT_OBJC_ISA_USAGE = YES_ERROR;
				CLANG_WARN_DOCUMENTATION_COMMENTS = YES;
				CLANG_WARN_EMPTY_BODY = YES;
				CLANG_WARN_ENUM_CONVERSION = YES;
				CLANG_WARN_INFINITE_RECURSION = YES;
				CLANG_WARN_INT_CONVERSION = YES;
				CLANG_WARN_NON_LITERAL_NULL_CONVERSION = YES;
				CLANG_WARN_OBJC_IMPLICIT_RETAIN_SELF = YES;
				CLANG_WARN_OBJC_LITERAL_CONVERSION = YES;
				CLANG_WARN_OBJC_ROOT_CLASS = YES_ERROR;
				CLANG_WARN_QUOTED_INCLUDE_IN_FRAMEWORK_HEADER = YES;
				CLANG_WARN_RANGE_LOOP_ANALYSIS = YES;
				CLANG_WARN_STRICT_PROTOTYPES = YES;
				CLANG_WARN_SUSPICIOUS_MOVE = YES;
				CLANG_WARN_UNGUARDED_AVAILABILITY = YES_AGGRESSIVE;
				CLANG_WARN_UNREACHABLE_CODE = YES;
				CLANG_WARN__DUPLICATE_METHOD_MATCH = YES;
				COPY_PHASE_STRIP = NO;
				DEBUG_INFORMATION_FORMAT = dwarf;
				ENABLE_STRICT_OBJC_MSGSEND = YES;
				ENABLE_TESTABILITY = YES;
				ENABLE_USER_SCRIPT_SANDBOXING = YES;
				GCC_C_LANGUAGE_STANDARD = gnu17;
				GCC_DYNAMIC_NO_PIC = NO;
				GCC_NO_COMMON_BLOCKS = YES;
				GCC_OPTIMIZATION_LEVEL = 0;
				GCC_PREPROCESSOR_DEFINITIONS = (
					"DEBUG=1",
					"$(inherited)",
				);
				GCC_WARN_64_TO_32_BIT_CONVERSION = YES;
				GCC_WARN_ABOUT_RETURN_TYPE = YES_ERROR;
				GCC_WARN_UNDECLARED_SELECTOR = YES;
				GCC_WARN_UNINITIALIZED_AUTOS = YES_AGGRESSIVE;
				GCC_WARN_UNUSED_FUNCTION = YES;
				GCC_WARN_UNUSED_VARIABLE = YES;
				IPHONEOS_DEPLOYMENT_TARGET = 17.4;
				LOCALIZATION_PREFERS_STRING_CATALOGS = YES;
				MTL_ENABLE_DEBUG_INFO = INCLUDE_SOURCE;
				MTL_FAST_MATH = YES;
				ONLY_ACTIVE_ARCH = YES;
				SDKROOT = iphoneos;
				SWIFT_ACTIVE_COMPILATION_CONDITIONS = "DEBUG $(inherited)";
				SWIFT_OPTIMIZATION_LEVEL = "-Onone";
			};
			name = Debug;
		};
		B5322F462CD260B700E6A75F /* Release */ = {
			isa = XCBuildConfiguration;
			buildSettings = {
				ALWAYS_SEARCH_USER_PATHS = NO;
				ASSETCATALOG_COMPILER_GENERATE_SWIFT_ASSET_SYMBOL_EXTENSIONS = YES;
				CLANG_ANALYZER_NONNULL = YES;
				CLANG_ANALYZER_NUMBER_OBJECT_CONVERSION = YES_AGGRESSIVE;
				CLANG_CXX_LANGUAGE_STANDARD = "gnu++20";
				CLANG_ENABLE_MODULES = YES;
				CLANG_ENABLE_OBJC_ARC = YES;
				CLANG_ENABLE_OBJC_WEAK = YES;
				CLANG_WARN_BLOCK_CAPTURE_AUTORELEASING = YES;
				CLANG_WARN_BOOL_CONVERSION = YES;
				CLANG_WARN_COMMA = YES;
				CLANG_WARN_CONSTANT_CONVERSION = YES;
				CLANG_WARN_DEPRECATED_OBJC_IMPLEMENTATIONS = YES;
				CLANG_WARN_DIRECT_OBJC_ISA_USAGE = YES_ERROR;
				CLANG_WARN_DOCUMENTATION_COMMENTS = YES;
				CLANG_WARN_EMPTY_BODY = YES;
				CLANG_WARN_ENUM_CONVERSION = YES;
				CLANG_WARN_INFINITE_RECURSION = YES;
				CLANG_WARN_INT_CONVERSION = YES;
				CLANG_WARN_NON_LITERAL_NULL_CONVERSION = YES;
				CLANG_WARN_OBJC_IMPLICIT_RETAIN_SELF = YES;
				CLANG_WARN_OBJC_LITERAL_CONVERSION = YES;
				CLANG_WARN_OBJC_ROOT_CLASS = YES_ERROR;
				CLANG_WARN_QUOTED_INCLUDE_IN_FRAMEWORK_HEADER = YES;
				CLANG_WARN_RANGE_LOOP_ANALYSIS = YES;
				CLANG_WARN_STRICT_PROTOTYPES = YES;
				CLANG_WARN_SUSPICIOUS_MOVE = YES;
				CLANG_WARN_UNGUARDED_AVAILABILITY = YES_AGGRESSIVE;
				CLANG_WARN_UNREACHABLE_CODE = YES;
				CLANG_WARN__DUPLICATE_METHOD_MATCH = YES;
				COPY_PHASE_STRIP = NO;
				DEBUG_INFORMATION_FORMAT = "dwarf-with-dsym";
				ENABLE_NS_ASSERTIONS = NO;
				ENABLE_STRICT_OBJC_MSGSEND = YES;
				ENABLE_USER_SCRIPT_SANDBOXING = YES;
				GCC_C_LANGUAGE_STANDARD = gnu17;
				GCC_NO_COMMON_BLOCKS = YES;
				GCC_WARN_64_TO_32_BIT_CONVERSION = YES;
				GCC_WARN_ABOUT_RETURN_TYPE = YES_ERROR;
				GCC_WARN_UNDECLARED_SELECTOR = YES;
				GCC_WARN_UNINITIALIZED_AUTOS = YES_AGGRESSIVE;
				GCC_WARN_UNUSED_FUNCTION = YES;
				GCC_WARN_UNUSED_VARIABLE = YES;
				IPHONEOS_DEPLOYMENT_TARGET = 17.4;
				LOCALIZATION_PREFERS_STRING_CATALOGS = YES;
				MTL_ENABLE_DEBUG_INFO = NO;
				MTL_FAST_MATH = YES;
				SDKROOT = iphoneos;
				SWIFT_COMPILATION_MODE = wholemodule;
				VALIDATE_PRODUCT = YES;
			};
			name = Release;
		};
		B5322F482CD260B700E6A75F /* Debug */ = {
			isa = XCBuildConfiguration;
			buildSettings = {
				ASSETCATALOG_COMPILER_APPICON_NAME = AppIcon;
				ASSETCATALOG_COMPILER_GLOBAL_ACCENT_COLOR_NAME = AccentColor;
				CODE_SIGN_STYLE = Automatic;
				CURRENT_PROJECT_VERSION = 1;
				DEVELOPMENT_ASSET_PATHS = "\"Grocery9/Preview Content\"";
				DEVELOPMENT_TEAM = 24B9M77K5B;
				ENABLE_PREVIEWS = YES;
				GENERATE_INFOPLIST_FILE = YES;
				INFOPLIST_FILE = Grocery9/Info.plist;
				INFOPLIST_KEY_UIApplicationSceneManifest_Generation = YES;
				INFOPLIST_KEY_UIApplicationSupportsIndirectInputEvents = YES;
				INFOPLIST_KEY_UILaunchScreen_Generation = YES;
				INFOPLIST_KEY_UILaunchStoryboardName = "Launch Screen.storyboard";
				INFOPLIST_KEY_UIStatusBarHidden = YES;
				INFOPLIST_KEY_UIStatusBarStyle = "";
				INFOPLIST_KEY_UISupportedInterfaceOrientations = UIInterfaceOrientationPortrait;
				INFOPLIST_KEY_UISupportedInterfaceOrientations_iPad = UIInterfaceOrientationLandscapeLeft;
				IPHONEOS_DEPLOYMENT_TARGET = 14.0;
				LD_RUNPATH_SEARCH_PATHS = (
					"$(inherited)",
					"@executable_path/Frameworks",
				);
				MARKETING_VERSION = 1.0;
				PRODUCT_BUNDLE_IDENTIFIER = invexen.products.Grocery9;
				PRODUCT_NAME = "$(TARGET_NAME)";
				SUPPORTED_PLATFORMS = "iphoneos iphonesimulator";
				SUPPORTS_MACCATALYST = NO;
				SUPPORTS_MAC_DESIGNED_FOR_IPHONE_IPAD = NO;
				SUPPORTS_XR_DESIGNED_FOR_IPHONE_IPAD = NO;
				SWIFT_EMIT_LOC_STRINGS = YES;
				SWIFT_VERSION = 5.0;
				TARGETED_DEVICE_FAMILY = 1;
			};
			name = Debug;
		};
		B5322F492CD260B700E6A75F /* Release */ = {
			isa = XCBuildConfiguration;
			buildSettings = {
				ASSETCATALOG_COMPILER_APPICON_NAME = AppIcon;
				ASSETCATALOG_COMPILER_GLOBAL_ACCENT_COLOR_NAME = AccentColor;
				CODE_SIGN_STYLE = Automatic;
				CURRENT_PROJECT_VERSION = 1;
				DEVELOPMENT_ASSET_PATHS = "\"Grocery9/Preview Content\"";
				DEVELOPMENT_TEAM = 24B9M77K5B;
				ENABLE_PREVIEWS = YES;
				GENERATE_INFOPLIST_FILE = YES;
				INFOPLIST_FILE = Grocery9/Info.plist;
				INFOPLIST_KEY_UIApplicationSceneManifest_Generation = YES;
				INFOPLIST_KEY_UIApplicationSupportsIndirectInputEvents = YES;
				INFOPLIST_KEY_UILaunchScreen_Generation = YES;
				INFOPLIST_KEY_UILaunchStoryboardName = "Launch Screen.storyboard";
				INFOPLIST_KEY_UIStatusBarHidden = YES;
				INFOPLIST_KEY_UIStatusBarStyle = "";
				INFOPLIST_KEY_UISupportedInterfaceOrientations = UIInterfaceOrientationPortrait;
				INFOPLIST_KEY_UISupportedInterfaceOrientations_iPad = UIInterfaceOrientationLandscapeLeft;
				IPHONEOS_DEPLOYMENT_TARGET = 14.0;
				LD_RUNPATH_SEARCH_PATHS = (
					"$(inherited)",
					"@executable_path/Frameworks",
				);
				MARKETING_VERSION = 1.0;
				PRODUCT_BUNDLE_IDENTIFIER = invexen.products.Grocery9;
				PRODUCT_NAME = "$(TARGET_NAME)";
				SUPPORTED_PLATFORMS = "iphoneos iphonesimulator";
				SUPPORTS_MACCATALYST = NO;
				SUPPORTS_MAC_DESIGNED_FOR_IPHONE_IPAD = NO;
				SUPPORTS_XR_DESIGNED_FOR_IPHONE_IPAD = NO;
				SWIFT_EMIT_LOC_STRINGS = YES;
				SWIFT_VERSION = 5.0;
				TARGETED_DEVICE_FAMILY = 1;
			};
			name = Release;
		};
/* End XCBuildConfiguration section */

/* Begin XCConfigurationList section */
		B5322F342CD260B600E6A75F /* Build configuration list for PBXProject "Grocery9" */ = {
			isa = XCConfigurationList;
			buildConfigurations = (
				B5322F452CD260B700E6A75F /* Debug */,
				B5322F462CD260B700E6A75F /* Release */,
			);
			defaultConfigurationIsVisible = 0;
			defaultConfigurationName = Release;
		};
		B5322F472CD260B700E6A75F /* Build configuration list for PBXNativeTarget "Grocery9" */ = {
			isa = XCConfigurationList;
			buildConfigurations = (
				B5322F482CD260B700E6A75F /* Debug */,
				B5322F492CD260B700E6A75F /* Release */,
			);
			defaultConfigurationIsVisible = 0;
			defaultConfigurationName = Release;
		};
/* End XCConfigurationList section */
	};
	rootObject = B5322F312CD260B600E6A75F /* Project object */;
}
